
Microsoft Visual Studio Solution File, Format Version 12.00
# Visual Studio Version 17
VisualStudioVersion = 17.2.32630.192
MinimumVisualStudioVersion = 10.0.40219.1
Project("{FAE04EC0-301F-11D3-BF4B-00C04F79EFBC}") = "groundstation", "groundstation.csproj", "{93319183-B386-4313-9821-7DAFFF5435E1}"
EndProject
Global
	GlobalSection(SolutionConfigurationPlatforms) = preSolution
		Debug|Any CPU = Debug|Any CPU
		Release|Any CPU = Release|Any CPU
	EndGlobalSection
	GlobalSection(ProjectConfigurationPlatforms) = postSolution
		{93319183-B386-4313-9821-7DAFFF5435E1}.Debug|Any CPU.ActiveCfg = Debug|Any CPU
		{93319183-B386-4313-9821-7DAFFF5435E1}.Debug|Any CPU.Build.0 = Debug|Any CPU
		{93319183-B386-4313-9821-7DAFFF5435E1}.Release|Any CPU.ActiveCfg = Release|Any CPU
		{93319183-B386-4313-9821-7DAFFF5435E1}.Release|Any CPU.Build.0 = Release|Any CPU
	EndGlobalSection
	GlobalSection(SolutionProperties) = preSolution
		HideSolutionNode = FALSE
	EndGlobalSection
	GlobalSection(ExtensibilityGlobals) = postSolution
		SolutionGuid = {86A93365-BD23-4DFF-A224-AB2E433D0C0F}
	EndGlobalSection
EndGlobal
